
Microsoft Visual Studio Solution File, Format Version 12.00
# Visual Studio 15
VisualStudioVersion = 15.0.27130.2020
MinimumVisualStudioVersion = 10.0.40219.1
Project("{8BC9CEB8-8B4A-11D0-8D11-00A0C91BC942}") = "smd_loader", "smd_loader\smd_loader.vcxproj", "{8795B2BB-AB6F-4CCB-9B1A-CB2243E2DDD9}"
EndProject
Project("{8BC9CEB8-8B4A-11D0-8D11-00A0C91BC942}") = "z80_loader", "z80_loader\z80_loader.vcxproj", "{8ECC33F8-661E-4775-9891-ADEA8453AB2C}"
EndProject
Project("{8BC9CEB8-8B4A-11D0-8D11-00A0C91BC942}") = "gensida", "Gensida\gensida.vcxproj", "{310670F5-6109-42EB-9784-60CE42D0D02D}"
	ProjectSection(ProjectDependencies) = postProject
		{D7DD9B10-5D5B-4B68-B13B-43EC227037C5} = {D7DD9B10-5D5B-4B68-B13B-43EC227037C5}
		{5FA9C799-E1E5-403E-99D4-6532E1A4B69D} = {5FA9C799-E1E5-403E-99D4-6532E1A4B69D}
	EndProjectSection
EndProject
Project("{2150E333-8FDC-42A3-9474-1A3956D46DE8}") = "gensida_project", "gensida_project", "{1227069F-4FA5-4E67-8929-011A06689614}"
EndProject
Project("{8BC9CEB8-8B4A-11D0-8D11-00A0C91BC942}") = "main68k", "Gensida\starscream\main68k\main68k.vcxproj", "{D7DD9B10-5D5B-4B68-B13B-43EC227037C5}"
EndProject
Project("{8BC9CEB8-8B4A-11D0-8D11-00A0C91BC942}") = "sub68k", "Gensida\starscream\sub68k\sub68k.vcxproj", "{5FA9C799-E1E5-403E-99D4-6532E1A4B69D}"
EndProject
Project("{2150E333-8FDC-42A3-9474-1A3956D46DE8}") = "loaders", "loaders", "{C27B84E9-CC89-4382-83B8-694B52BA749C}"
EndProject
Global
	GlobalSection(SolutionConfigurationPlatforms) = preSolution
		Debug64_68|Win32 = Debug64_68|Win32
		Debug86_68|Win32 = Debug86_68|Win32
		Release64_68|Win32 = Release64_68|Win32
		Release86_68|Win32 = Release86_68|Win32
	EndGlobalSection
	GlobalSection(ProjectConfigurationPlatforms) = postSolution
		{8795B2BB-AB6F-4CCB-9B1A-CB2243E2DDD9}.Debug64_68|Win32.ActiveCfg = Debug64_68|Win32
		{8795B2BB-AB6F-4CCB-9B1A-CB2243E2DDD9}.Debug64_68|Win32.Build.0 = Debug64_68|Win32
		{8795B2BB-AB6F-4CCB-9B1A-CB2243E2DDD9}.Debug86_68|Win32.ActiveCfg = Debug86_68|Win32
		{8795B2BB-AB6F-4CCB-9B1A-CB2243E2DDD9}.Debug86_68|Win32.Build.0 = Debug86_68|Win32
		{8795B2BB-AB6F-4CCB-9B1A-CB2243E2DDD9}.Release64_68|Win32.ActiveCfg = Release64_68|Win32
		{8795B2BB-AB6F-4CCB-9B1A-CB2243E2DDD9}.Release64_68|Win32.Build.0 = Release64_68|Win32
		{8795B2BB-AB6F-4CCB-9B1A-CB2243E2DDD9}.Release86_68|Win32.ActiveCfg = Release86_68|Win32
		{8795B2BB-AB6F-4CCB-9B1A-CB2243E2DDD9}.Release86_68|Win32.Build.0 = Release86_68|Win32
		{8ECC33F8-661E-4775-9891-ADEA8453AB2C}.Debug64_68|Win32.ActiveCfg = Debug64_68|Win32
		{8ECC33F8-661E-4775-9891-ADEA8453AB2C}.Debug64_68|Win32.Build.0 = Debug64_68|Win32
		{8ECC33F8-661E-4775-9891-ADEA8453AB2C}.Debug86_68|Win32.ActiveCfg = Debug86_68|Win32
		{8ECC33F8-661E-4775-9891-ADEA8453AB2C}.Debug86_68|Win32.Build.0 = Debug86_68|Win32
		{8ECC33F8-661E-4775-9891-ADEA8453AB2C}.Release64_68|Win32.ActiveCfg = Release64_68|Win32
		{8ECC33F8-661E-4775-9891-ADEA8453AB2C}.Release64_68|Win32.Build.0 = Release64_68|Win32
		{8ECC33F8-661E-4775-9891-ADEA8453AB2C}.Release86_68|Win32.ActiveCfg = Release86_68|Win32
		{8ECC33F8-661E-4775-9891-ADEA8453AB2C}.Release86_68|Win32.Build.0 = Release86_68|Win32
		{310670F5-6109-42EB-9784-60CE42D0D02D}.Debug64_68|Win32.ActiveCfg = Debug64_68|Win32
		{310670F5-6109-42EB-9784-60CE42D0D02D}.Debug64_68|Win32.Build.0 = Debug64_68|Win32
		{310670F5-6109-42EB-9784-60CE42D0D02D}.Debug86_68|Win32.ActiveCfg = Debug86_68|Win32
		{310670F5-6109-42EB-9784-60CE42D0D02D}.Debug86_68|Win32.Build.0 = Debug86_68|Win32
		{310670F5-6109-42EB-9784-60CE42D0D02D}.Release64_68|Win32.ActiveCfg = Release64_68|Win32
		{310670F5-6109-42EB-9784-60CE42D0D02D}.Release64_68|Win32.Build.0 = Release64_68|Win32
		{310670F5-6109-42EB-9784-60CE42D0D02D}.Release86_68|Win32.ActiveCfg = Release86_68|Win32
		{310670F5-6109-42EB-9784-60CE42D0D02D}.Release86_68|Win32.Build.0 = Release86_68|Win32
		{D7DD9B10-5D5B-4B68-B13B-43EC227037C5}.Debug64_68|Win32.ActiveCfg = Release|Win32
		{D7DD9B10-5D5B-4B68-B13B-43EC227037C5}.Debug64_68|Win32.Build.0 = Release|Win32
		{D7DD9B10-5D5B-4B68-B13B-43EC227037C5}.Debug86_68|Win32.ActiveCfg = Release|Win32
		{D7DD9B10-5D5B-4B68-B13B-43EC227037C5}.Debug86_68|Win32.Build.0 = Release|Win32
		{D7DD9B10-5D5B-4B68-B13B-43EC227037C5}.Release64_68|Win32.ActiveCfg = Release|Win32
		{D7DD9B10-5D5B-4B68-B13B-43EC227037C5}.Release64_68|Win32.Build.0 = Release|Win32
		{D7DD9B10-5D5B-4B68-B13B-43EC227037C5}.Release86_68|Win32.ActiveCfg = Release|Win32
		{D7DD9B10-5D5B-4B68-B13B-43EC227037C5}.Release86_68|Win32.Build.0 = Release|Win32
		{5FA9C799-E1E5-403E-99D4-6532E1A4B69D}.Debug64_68|Win32.ActiveCfg = Release|Win32
		{5FA9C799-E1E5-403E-99D4-6532E1A4B69D}.Debug64_68|Win32.Build.0 = Release|Win32
		{5FA9C799-E1E5-403E-99D4-6532E1A4B69D}.Debug86_68|Win32.ActiveCfg = Release|Win32
		{5FA9C799-E1E5-403E-99D4-6532E1A4B69D}.Debug86_68|Win32.Build.0 = Release|Win32
		{5FA9C799-E1E5-403E-99D4-6532E1A4B69D}.Release64_68|Win32.ActiveCfg = Release|Win32
		{5FA9C799-E1E5-403E-99D4-6532E1A4B69D}.Release64_68|Win32.Build.0 = Release|Win32
		{5FA9C799-E1E5-403E-99D4-6532E1A4B69D}.Release86_68|Win32.ActiveCfg = Release|Win32
		{5FA9C799-E1E5-403E-99D4-6532E1A4B69D}.Release86_68|Win32.Build.0 = Release|Win32
	EndGlobalSection
	GlobalSection(SolutionProperties) = preSolution
		HideSolutionNode = FALSE
	EndGlobalSection
	GlobalSection(NestedProjects) = preSolution
		{8795B2BB-AB6F-4CCB-9B1A-CB2243E2DDD9} = {C27B84E9-CC89-4382-83B8-694B52BA749C}
		{8ECC33F8-661E-4775-9891-ADEA8453AB2C} = {C27B84E9-CC89-4382-83B8-694B52BA749C}
		{310670F5-6109-42EB-9784-60CE42D0D02D} = {1227069F-4FA5-4E67-8929-011A06689614}
		{D7DD9B10-5D5B-4B68-B13B-43EC227037C5} = {1227069F-4FA5-4E67-8929-011A06689614}
		{5FA9C799-E1E5-403E-99D4-6532E1A4B69D} = {1227069F-4FA5-4E67-8929-011A06689614}
	EndGlobalSection
	GlobalSection(ExtensibilityGlobals) = postSolution
		SolutionGuid = {74886BC8-29C8-4863-AA0F-577D3974A6D0}
	EndGlobalSection
EndGlobal
