
Microsoft Visual Studio Solution File, Format Version 12.00
# Visual Studio 15
VisualStudioVersion = 15.0.27130.2010
MinimumVisualStudioVersion = 10.0.40219.1
Project("{8BC9CEB8-8B4A-11D0-8D11-00A0C91BC942}") = "smd_loader", "smd_loader\smd_loader.vcxproj", "{B9CF80E3-416A-404A-8953-68085749E05F}"
EndProject
Project("{8BC9CEB8-8B4A-11D0-8D11-00A0C91BC942}") = "z80_loader", "z80_loader\z80_loader.vcxproj", "{A2CF3726-C6F5-44E0-A442-C0DE45F4F533}"
EndProject
Project("{8BC9CEB8-8B4A-11D0-8D11-00A0C91BC942}") = "gensida", "Gensida\gensida.vcxproj", "{310670F5-6109-42EB-9784-60CE42D0D02D}"
	ProjectSection(ProjectDependencies) = postProject
		{D7DD9B10-5D5B-4B68-B13B-43EC227037C5} = {D7DD9B10-5D5B-4B68-B13B-43EC227037C5}
		{5FA9C799-E1E5-403E-99D4-6532E1A4B69D} = {5FA9C799-E1E5-403E-99D4-6532E1A4B69D}
	EndProjectSection
EndProject
Project("{2150E333-8FDC-42A3-9474-1A3956D46DE8}") = "gensida_project", "gensida_project", "{1227069F-4FA5-4E67-8929-011A06689614}"
EndProject
Project("{8BC9CEB8-8B4A-11D0-8D11-00A0C91BC942}") = "main68k", "Gensida\starscream\main68k\main68k.vcxproj", "{D7DD9B10-5D5B-4B68-B13B-43EC227037C5}"
EndProject
Project("{8BC9CEB8-8B4A-11D0-8D11-00A0C91BC942}") = "sub68k", "Gensida\starscream\sub68k\sub68k.vcxproj", "{5FA9C799-E1E5-403E-99D4-6532E1A4B69D}"
EndProject
Project("{2150E333-8FDC-42A3-9474-1A3956D46DE8}") = "loaders", "loaders", "{C27B84E9-CC89-4382-83B8-694B52BA749C}"
EndProject
Global
	GlobalSection(SolutionConfigurationPlatforms) = preSolution
		Debug|x64 = Debug|x64
		Release|x64 = Release|x64
	EndGlobalSection
	GlobalSection(ProjectConfigurationPlatforms) = postSolution
		{B9CF80E3-416A-404A-8953-68085749E05F}.Debug|x64.ActiveCfg = Debug|x64
		{B9CF80E3-416A-404A-8953-68085749E05F}.Debug|x64.Build.0 = Debug|x64
		{B9CF80E3-416A-404A-8953-68085749E05F}.Release|x64.ActiveCfg = Release|x64
		{B9CF80E3-416A-404A-8953-68085749E05F}.Release|x64.Build.0 = Release|x64
		{A2CF3726-C6F5-44E0-A442-C0DE45F4F533}.Debug|x64.ActiveCfg = Debug|x64
		{A2CF3726-C6F5-44E0-A442-C0DE45F4F533}.Debug|x64.Build.0 = Debug|x64
		{A2CF3726-C6F5-44E0-A442-C0DE45F4F533}.Release|x64.ActiveCfg = Release|x64
		{A2CF3726-C6F5-44E0-A442-C0DE45F4F533}.Release|x64.Build.0 = Release|x64
		{310670F5-6109-42EB-9784-60CE42D0D02D}.Debug|x64.ActiveCfg = Debug|x64
		{310670F5-6109-42EB-9784-60CE42D0D02D}.Debug|x64.Build.0 = Debug|x64
		{310670F5-6109-42EB-9784-60CE42D0D02D}.Release|x64.ActiveCfg = Release|x64
		{310670F5-6109-42EB-9784-60CE42D0D02D}.Release|x64.Build.0 = Release|x64
		{D7DD9B10-5D5B-4B68-B13B-43EC227037C5}.Debug|x64.ActiveCfg = Release|x64
		{D7DD9B10-5D5B-4B68-B13B-43EC227037C5}.Debug|x64.Build.0 = Release|x64
		{D7DD9B10-5D5B-4B68-B13B-43EC227037C5}.Release|x64.ActiveCfg = Release|x64
		{D7DD9B10-5D5B-4B68-B13B-43EC227037C5}.Release|x64.Build.0 = Release|x64
		{5FA9C799-E1E5-403E-99D4-6532E1A4B69D}.Debug|x64.ActiveCfg = Release|x64
		{5FA9C799-E1E5-403E-99D4-6532E1A4B69D}.Debug|x64.Build.0 = Release|x64
		{5FA9C799-E1E5-403E-99D4-6532E1A4B69D}.Release|x64.ActiveCfg = Release|x64
		{5FA9C799-E1E5-403E-99D4-6532E1A4B69D}.Release|x64.Build.0 = Release|x64
	EndGlobalSection
	GlobalSection(SolutionProperties) = preSolution
		HideSolutionNode = FALSE
	EndGlobalSection
	GlobalSection(NestedProjects) = preSolution
		{B9CF80E3-416A-404A-8953-68085749E05F} = {C27B84E9-CC89-4382-83B8-694B52BA749C}
		{A2CF3726-C6F5-44E0-A442-C0DE45F4F533} = {C27B84E9-CC89-4382-83B8-694B52BA749C}
		{310670F5-6109-42EB-9784-60CE42D0D02D} = {1227069F-4FA5-4E67-8929-011A06689614}
		{D7DD9B10-5D5B-4B68-B13B-43EC227037C5} = {1227069F-4FA5-4E67-8929-011A06689614}
		{5FA9C799-E1E5-403E-99D4-6532E1A4B69D} = {1227069F-4FA5-4E67-8929-011A06689614}
	EndGlobalSection
	GlobalSection(ExtensibilityGlobals) = postSolution
		SolutionGuid = {A28A13E7-6067-49F2-808A-704C18298577}
	EndGlobalSection
EndGlobal
