<?xml version="1.0" encoding="utf-8"?>
<Project ToolsVersion="4.0" xmlns="http://schemas.microsoft.com/developer/msbuild/2003">
  <ItemGroup>
    <ClCompile Include="ins.cpp" />
    <ClCompile Include="reg.cpp" />
    <ClCompile Include="ana.cpp" />
    <ClCompile Include="emu.cpp" />
    <ClCompile Include="out.cpp" />
  </ItemGroup>
  <ItemGroup>
    <ClInclude Include="ins.hpp">
      <Filter>Header Files</Filter>
    </ClInclude>
    <ClInclude Include="m68k.hpp">
      <Filter>Header Files</Filter>
    </ClInclude>
  </ItemGroup>
  <ItemGroup>
    <Filter Include="Header Files">
      <UniqueIdentifier>{fc089790-d767-4763-a657-84b38f571bf1}</UniqueIdentifier>
      <Extensions>h;hpp;hxx;hm;inl;inc;xsd</Extensions>
    </Filter>
    <Filter Include="Resource Files">
      <UniqueIdentifier>{716c57b6-689d-4e33-842b-cb52ffad386a}</UniqueIdentifier>
      <Extensions>cfg;rc</Extensions>
    </Filter>
  </ItemGroup>
  <ItemGroup>
    <None Include="smd.cfg">
      <Filter>Resource Files</Filter>
    </None>
  </ItemGroup>
</Project>